
Microsoft Visual Studio Solution File, Format Version 12.00
# Visual Studio Version 17
VisualStudioVersion = 17.13.35818.85
MinimumVisualStudioVersion = 10.0.40219.1
Project("{FAE04EC0-301F-11D3-BF4B-00C04F79EFBC}") = "Bibo", "Bibo\Bibo.csproj", "{DFAF5589-CE6D-4CCB-89FC-A9AC703DAA23}"
EndProject
Global
	GlobalSection(SolutionConfigurationPlatforms) = preSolution
		Debug|Any CPU = Debug|Any CPU
		Release|Any CPU = Release|Any CPU
	EndGlobalSection
	GlobalSection(ProjectConfigurationPlatforms) = postSolution
		{DFAF5589-CE6D-4CCB-89FC-A9AC703DAA23}.Debug|Any CPU.ActiveCfg = Debug|Any CPU
		{DFAF5589-CE6D-4CCB-89FC-A9AC703DAA23}.Debug|Any CPU.Build.0 = Debug|Any CPU
		{DFAF5589-CE6D-4CCB-89FC-A9AC703DAA23}.Release|Any CPU.ActiveCfg = Release|Any CPU
		{DFAF5589-CE6D-4CCB-89FC-A9AC703DAA23}.Release|Any CPU.Build.0 = Release|Any CPU
	EndGlobalSection
	GlobalSection(SolutionProperties) = preSolution
		HideSolutionNode = FALSE
	EndGlobalSection
	GlobalSection(ExtensibilityGlobals) = postSolution
		SolutionGuid = {051F5774-12C2-460E-90F0-16622E170EBA}
	EndGlobalSection
EndGlobal
